
Microsoft Visual Studio Solution File, Format Version 12.00
# Visual Studio Version 17
VisualStudioVersion = 17.9.34902.65
MinimumVisualStudioVersion = 10.0.40219.1
Project("{FAE04EC0-301F-11D3-BF4B-00C04F79EFBC}") = "CHAR_TO_CODE_TO_CHAR_FRAMEWORK", "CHAR_TO_CODE_TO_CHAR_FRAMEWORK.csproj", "{2EDB9C5B-5F1E-46FF-A15F-75FA6CB5F5D5}"
EndProject
Global
	GlobalSection(SolutionConfigurationPlatforms) = preSolution
		Debug|Any CPU = Debug|Any CPU
		Release|Any CPU = Release|Any CPU
	EndGlobalSection
	GlobalSection(ProjectConfigurationPlatforms) = postSolution
		{2EDB9C5B-5F1E-46FF-A15F-75FA6CB5F5D5}.Debug|Any CPU.ActiveCfg = Debug|Any CPU
		{2EDB9C5B-5F1E-46FF-A15F-75FA6CB5F5D5}.Debug|Any CPU.Build.0 = Debug|Any CPU
		{2EDB9C5B-5F1E-46FF-A15F-75FA6CB5F5D5}.Release|Any CPU.ActiveCfg = Release|Any CPU
		{2EDB9C5B-5F1E-46FF-A15F-75FA6CB5F5D5}.Release|Any CPU.Build.0 = Release|Any CPU
	EndGlobalSection
	GlobalSection(SolutionProperties) = preSolution
		HideSolutionNode = FALSE
	EndGlobalSection
	GlobalSection(ExtensibilityGlobals) = postSolution
		SolutionGuid = {053B69B3-7D57-4F98-97A2-36727FBF9753}
	EndGlobalSection
EndGlobal
